// !$*UTF8*$!
{
	archiveVersion = 1;
	classes = {
	};
	objectVersion = 46;
	objects = {

/* Begin PBXBuildFile section */
		32BD07981BE45D1C0013E3D6 /* main.m in Sources */ = {isa = PBXBuildFile; fileRef = 32BD07971BE45D1C0013E3D6 /* main.m */; };
		32BD079B1BE45D1C0013E3D6 /* AppDelegate.m in Sources */ = {isa = PBXBuildFile; fileRef = 32BD079A1BE45D1C0013E3D6 /* AppDelegate.m */; };
		32BD079E1BE45D1C0013E3D6 /* ViewController.m in Sources */ = {isa = PBXBuildFile; fileRef = 32BD079D1BE45D1C0013E3D6 /* ViewController.m */; };
		32BD07A11BE45D1C0013E3D6 /* Main.storyboard in Resources */ = {isa = PBXBuildFile; fileRef = 32BD079F1BE45D1C0013E3D6 /* Main.storyboard */; };
		32BD07A31BE45D1C0013E3D6 /* Images.xcassets in Resources */ = {isa = PBXBuildFile; fileRef = 32BD07A21BE45D1C0013E3D6 /* Images.xcassets */; };
		32BD07A61BE45D1C0013E3D6 /* LaunchScreen.xib in Resources */ = {isa = PBXBuildFile; fileRef = 32BD07A41BE45D1C0013E3D6 /* LaunchScreen.xib */; };
		32BD07B21BE45D1C0013E3D6 /* ___Tests.m in Sources */ = {isa = PBXBuildFile; fileRef = 32BD07B11BE45D1C0013E3D6 /* ___Tests.m */; };
/* End PBXBuildFile section */

/* Begin PBXContainerItemProxy section */
		32BD07AC1BE45D1C0013E3D6 /* PBXContainerItemProxy */ = {
			isa = PBXContainerItemProxy;
			containerPortal = 32BD078A1BE45D1C0013E3D6 /* Project object */;
			proxyType = 1;
			remoteGlobalIDString = 32BD07911BE45D1C0013E3D6;
			remoteInfo = "时光网";
		};
/* End PBXContainerItemProxy section */

/* Begin PBXFileReference section */
		32BD07921BE45D1C0013E3D6 /* 时光网.app */ = {isa = PBXFileReference; explicitFileType = wrapper.application; includeInIndex = 0; path = "时光网.app"; sourceTree = BUILT_PRODUCTS_DIR; };
		32BD07961BE45D1C0013E3D6 /* Info.plist */ = {isa = PBXFileReference; lastKnownFileType = text.plist.xml; path = Info.plist; sourceTree = "<group>"; };
		32BD07971BE45D1C0013E3D6 /* main.m */ = {isa = PBXFileReference; lastKnownFileType = sourcecode.c.objc; path = main.m; sourceTree = "<group>"; };
		32BD07991BE45D1C0013E3D6 /* AppDelegate.h */ = {isa = PBXFileReference; lastKnownFileType = sourcecode.c.h; path = AppDelegate.h; sourceTree = "<group>"; };
		32BD079A1BE45D1C0013E3D6 /* AppDelegate.m */ = {isa = PBXFileReference; lastKnownFileType = sourcecode.c.objc; path = AppDelegate.m; sourceTree = "<group>"; };
		32BD079C1BE45D1C0013E3D6 /* ViewController.h */ = {isa = PBXFileReference; lastKnownFileType = sourcecode.c.h; path = ViewController.h; sourceTree = "<group>"; };
		32BD079D1BE45D1C0013E3D6 /* ViewController.m */ = {isa = PBXFileReference; lastKnownFileType = sourcecode.c.objc; path = ViewController.m; sourceTree = "<group>"; };
		32BD07A01BE45D1C0013E3D6 /* Base */ = {isa = PBXFileReference; lastKnownFileType = file.storyboard; name = Base; path = Base.lproj/Main.storyboard; sourceTree = "<group>"; };
		32BD07A21BE45D1C0013E3D6 /* Images.xcassets */ = {isa = PBXFileReference; lastKnownFileType = folder.assetcatalog; path = Images.xcassets; sourceTree = "<group>"; };
		32BD07A51BE45D1C0013E3D6 /* Base */ = {isa = PBXFileReference; lastKnownFileType = file.xib; name = Base; path = Base.lproj/LaunchScreen.xib; sourceTree = "<group>"; };
		32BD07AB1BE45D1C0013E3D6 /* 时光网Tests.xctest */ = {isa = PBXFileReference; explicitFileType = wrapper.cfbundle; includeInIndex = 0; path = "时光网Tests.xctest"; sourceTree = BUILT_PRODUCTS_DIR; };
		32BD07B01BE45D1C0013E3D6 /* Info.plist */ = {isa = PBXFileReference; lastKnownFileType = text.plist.xml; path = Info.plist; sourceTree = "<group>"; };
		32BD07B11BE45D1C0013E3D6 /* ___Tests.m */ = {isa = PBXFileReference; lastKnownFileType = sourcecode.c.objc; path = "___Tests.m"; sourceTree = "<group>"; };
/* End PBXFileReference section */

/* Begin PBXFrameworksBuildPhase section */
		32BD078F1BE45D1C0013E3D6 /* Frameworks */ = {
			isa = PBXFrameworksBuildPhase;
			buildActionMask = 2147483647;
			files = (
			);
			runOnlyForDeploymentPostprocessing = 0;
		};
		32BD07A81BE45D1C0013E3D6 /* Frameworks */ = {
			isa = PBXFrameworksBuildPhase;
			buildActionMask = 2147483647;
			files = (
			);
			runOnlyForDeploymentPostprocessing = 0;
		};
/* End PBXFrameworksBuildPhase section */

/* Begin PBXGroup section */
		32BD07891BE45D1C0013E3D6 = {
			isa = PBXGroup;
			children = (
				32BD07941BE45D1C0013E3D6 /* 时光网 */,
				32BD07AE1BE45D1C0013E3D6 /* 时光网Tests */,
				32BD07931BE45D1C0013E3D6 /* Products */,
			);
			sourceTree = "<group>";
		};
		32BD07931BE45D1C0013E3D6 /* Products */ = {
			isa = PBXGroup;
			children = (
				32BD07921BE45D1C0013E3D6 /* 时光网.app */,
				32BD07AB1BE45D1C0013E3D6 /* 时光网Tests.xctest */,
			);
			name = Products;
			sourceTree = "<group>";
		};
		32BD07941BE45D1C0013E3D6 /* 时光网 */ = {
			isa = PBXGroup;
			children = (
				32BD07991BE45D1C0013E3D6 /* AppDelegate.h */,
				32BD079A1BE45D1C0013E3D6 /* AppDelegate.m */,
				32BD079C1BE45D1C0013E3D6 /* ViewController.h */,
				32BD079D1BE45D1C0013E3D6 /* ViewController.m */,
				32BD079F1BE45D1C0013E3D6 /* Main.storyboard */,
				32BD07A21BE45D1C0013E3D6 /* Images.xcassets */,
				32BD07A41BE45D1C0013E3D6 /* LaunchScreen.xib */,
				32BD07951BE45D1C0013E3D6 /* Supporting Files */,
			);
			path = "时光网";
			sourceTree = "<group>";
		};
		32BD07951BE45D1C0013E3D6 /* Supporting Files */ = {
			isa = PBXGroup;
			children = (
				32BD07961BE45D1C0013E3D6 /* Info.plist */,
				32BD07971BE45D1C0013E3D6 /* main.m */,
			);
			name = "Supporting Files";
			sourceTree = "<group>";
		};
		32BD07AE1BE45D1C0013E3D6 /* 时光网Tests */ = {
			isa = PBXGroup;
			children = (
				32BD07B11BE45D1C0013E3D6 /* ___Tests.m */,
				32BD07AF1BE45D1C0013E3D6 /* Supporting Files */,
			);
			path = "时光网Tests";
			sourceTree = "<group>";
		};
		32BD07AF1BE45D1C0013E3D6 /* Supporting Files */ = {
			isa = PBXGroup;
			children = (
				32BD07B01BE45D1C0013E3D6 /* Info.plist */,
			);
			name = "Supporting Files";
			sourceTree = "<group>";
		};
/* End PBXGroup section */

/* Begin PBXNativeTarget section */
		32BD07911BE45D1C0013E3D6 /* 时光网 */ = {
			isa = PBXNativeTarget;
			buildConfigurationList = 32BD07B51BE45D1C0013E3D6 /* Build configuration list for PBXNativeTarget "时光网" */;
			buildPhases = (
				32BD078E1BE45D1C0013E3D6 /* Sources */,
				32BD078F1BE45D1C0013E3D6 /* Frameworks */,
				32BD07901BE45D1C0013E3D6 /* Resources */,
			);
			buildRules = (
			);
			dependencies = (
			);
			name = "时光网";
			productName = "时光网";
			productReference = 32BD07921BE45D1C0013E3D6 /* 时光网.app */;
			productType = "com.apple.product-type.application";
		};
		32BD07AA1BE45D1C0013E3D6 /* 时光网Tests */ = {
			isa = PBXNativeTarget;
			buildConfigurationList = 32BD07B81BE45D1C0013E3D6 /* Build configuration list for PBXNativeTarget "时光网Tests" */;
			buildPhases = (
				32BD07A71BE45D1C0013E3D6 /* Sources */,
				32BD07A81BE45D1C0013E3D6 /* Frameworks */,
				32BD07A91BE45D1C0013E3D6 /* Resources */,
			);
			buildRules = (
			);
			dependencies = (
				32BD07AD1BE45D1C0013E3D6 /* PBXTargetDependency */,
			);
			name = "时光网Tests";
			productName = "时光网Tests";
			productReference = 32BD07AB1BE45D1C0013E3D6 /* 时光网Tests.xctest */;
			productType = "com.apple.product-type.bundle.unit-test";
		};
/* End PBXNativeTarget section */

/* Begin PBXProject section */
		32BD078A1BE45D1C0013E3D6 /* Project object */ = {
			isa = PBXProject;
			attributes = {
				LastUpgradeCheck = 0620;
				ORGANIZATIONNAME = Rick;
				TargetAttributes = {
					32BD07911BE45D1C0013E3D6 = {
						CreatedOnToolsVersion = 6.2;
					};
					32BD07AA1BE45D1C0013E3D6 = {
						CreatedOnToolsVersion = 6.2;
						TestTargetID = 32BD07911BE45D1C0013E3D6;
					};
				};
			};
			buildConfigurationList = 32BD078D1BE45D1C0013E3D6 /* Build configuration list for PBXProject "时光网" */;
			compatibilityVersion = "Xcode 3.2";
			developmentRegion = English;
			hasScannedForEncodings = 0;
			knownRegions = (
				en,
				Base,
			);
			mainGroup = 32BD07891BE45D1C0013E3D6;
			productRefGroup = 32BD07931BE45D1C0013E3D6 /* Products */;
			projectDirPath = "";
			projectRoot = "";
			targets = (
				32BD07911BE45D1C0013E3D6 /* 时光网 */,
				32BD07AA1BE45D1C0013E3D6 /* 时光网Tests */,
			);
		};
/* End PBXProject section */

/* Begin PBXResourcesBuildPhase section */
		32BD07901BE45D1C0013E3D6 /* Resources */ = {
			isa = PBXResourcesBuildPhase;
			buildActionMask = 2147483647;
			files = (
				32BD07A11BE45D1C0013E3D6 /* Main.storyboard in Resources */,
				32BD07A61BE45D1C0013E3D6 /* LaunchScreen.xib in Resources */,
				32BD07A31BE45D1C0013E3D6 /* Images.xcassets in Resources */,
			);
			runOnlyForDeploymentPostprocessing = 0;
		};
		32BD07A91BE45D1C0013E3D6 /* Resources */ = {
			isa = PBXResourcesBuildPhase;
			buildActionMask = 2147483647;
			files = (
			);
			runOnlyForDeploymentPostprocessing = 0;
		};
/* End PBXResourcesBuildPhase section */

/* Begin PBXSourcesBuildPhase section */
		32BD078E1BE45D1C0013E3D6 /* Sources */ = {
			isa = PBXSourcesBuildPhase;
			buildActionMask = 2147483647;
			files = (
				32BD079E1BE45D1C0013E3D6 /* ViewController.m in Sources */,
				32BD079B1BE45D1C0013E3D6 /* AppDelegate.m in Sources */,
				32BD07981BE45D1C0013E3D6 /* main.m in Sources */,
			);
			runOnlyForDeploymentPostprocessing = 0;
		};
		32BD07A71BE45D1C0013E3D6 /* Sources */ = {
			isa = PBXSourcesBuildPhase;
			buildActionMask = 2147483647;
			files = (
				32BD07B21BE45D1C0013E3D6 /* ___Tests.m in Sources */,
			);
			runOnlyForDeploymentPostprocessing = 0;
		};
/* End PBXSourcesBuildPhase section */

/* Begin PBXTargetDependency section */
		32BD07AD1BE45D1C0013E3D6 /* PBXTargetDependency */ = {
			isa = PBXTargetDependency;
			target = 32BD07911BE45D1C0013E3D6 /* 时光网 */;
			targetProxy = 32BD07AC1BE45D1C0013E3D6 /* PBXContainerItemProxy */;
		};
/* End PBXTargetDependency section */

/* Begin PBXVariantGroup section */
		32BD079F1BE45D1C0013E3D6 /* Main.storyboard */ = {
			isa = PBXVariantGroup;
			children = (
				32BD07A01BE45D1C0013E3D6 /* Base */,
			);
			name = Main.storyboard;
			sourceTree = "<group>";
		};
		32BD07A41BE45D1C0013E3D6 /* LaunchScreen.xib */ = {
			isa = PBXVariantGroup;
			children = (
				32BD07A51BE45D1C0013E3D6 /* Base */,
			);
			name = LaunchScreen.xib;
			sourceTree = "<group>";
		};
/* End PBXVariantGroup section */

/* Begin XCBuildConfiguration section */
		32BD07B31BE45D1C0013E3D6 /* Debug */ = {
			isa = XCBuildConfiguration;
			buildSettings = {
				ALWAYS_SEARCH_USER_PATHS = NO;
				CLANG_CXX_LANGUAGE_STANDARD = "gnu++0x";
				CLANG_CXX_LIBRARY = "libc++";
				CLANG_ENABLE_MODULES = YES;
				CLANG_ENABLE_OBJC_ARC = YES;
				CLANG_WARN_BOOL_CONVERSION = YES;
				CLANG_WARN_CONSTANT_CONVERSION = YES;
				CLANG_WARN_DIRECT_OBJC_ISA_USAGE = YES_ERROR;
				CLANG_WARN_EMPTY_BODY = YES;
				CLANG_WARN_ENUM_CONVERSION = YES;
				CLANG_WARN_INT_CONVERSION = YES;
				CLANG_WARN_OBJC_ROOT_CLASS = YES_ERROR;
				CLANG_WARN_UNREACHABLE_CODE = YES;
				CLANG_WARN__DUPLICATE_METHOD_MATCH = YES;
				"CODE_SIGN_IDENTITY[sdk=iphoneos*]" = "iPhone Developer";
				COPY_PHASE_STRIP = NO;
				ENABLE_STRICT_OBJC_MSGSEND = YES;
				GCC_C_LANGUAGE_STANDARD = gnu99;
				GCC_DYNAMIC_NO_PIC = NO;
				GCC_OPTIMIZATION_LEVEL = 0;
				GCC_PREPROCESSOR_DEFINITIONS = (
					"DEBUG=1",
					"$(inherited)",
				);
				GCC_SYMBOLS_PRIVATE_EXTERN = NO;
				GCC_WARN_64_TO_32_BIT_CONVERSION = YES;
				GCC_WARN_ABOUT_RETURN_TYPE = YES_ERROR;
				GCC_WARN_UNDECLARED_SELECTOR = YES;
				GCC_WARN_UNINITIALIZED_AUTOS = YES_AGGRESSIVE;
				GCC_WARN_UNUSED_FUNCTION = YES;
				GCC_WARN_UNUSED_VARIABLE = YES;
				IPHONEOS_DEPLOYMENT_TARGET = 8.2;
				MTL_ENABLE_DEBUG_INFO = YES;
				ONLY_ACTIVE_ARCH = YES;
				SDKROOT = iphoneos;
			};
			name = Debug;
		};
		32BD07B41BE45D1C0013E3D6 /* Release */ = {
			isa = XCBuildConfiguration;
			buildSettings = {
				ALWAYS_SEARCH_USER_PATHS = NO;
				CLANG_CXX_LANGUAGE_STANDARD = "gnu++0x";
				CLANG_CXX_LIBRARY = "libc++";
				CLANG_ENABLE_MODULES = YES;
				CLANG_ENABLE_OBJC_ARC = YES;
				CLANG_WARN_BOOL_CONVERSION = YES;
				CLANG_WARN_CONSTANT_CONVERSION = YES;
				CLANG_WARN_DIRECT_OBJC_ISA_USAGE = YES_ERROR;
				CLANG_WARN_EMPTY_BODY = YES;
				CLANG_WARN_ENUM_CONVERSION = YES;
				CLANG_WARN_INT_CONVERSION = YES;
				CLANG_WARN_OBJC_ROOT_CLASS = YES_ERROR;
				CLANG_WARN_UNREACHABLE_CODE = YES;
				CLANG_WARN__DUPLICATE_METHOD_MATCH = YES;
				"CODE_SIGN_IDENTITY[sdk=iphoneos*]" = "iPhone Developer";
				COPY_PHASE_STRIP = NO;
				ENABLE_NS_ASSERTIONS = NO;
				ENABLE_STRICT_OBJC_MSGSEND = YES;
				GCC_C_LANGUAGE_STANDARD = gnu99;
				GCC_WARN_64_TO_32_BIT_CONVERSION = YES;
				GCC_WARN_ABOUT_RETURN_TYPE = YES_ERROR;
				GCC_WARN_UNDECLARED_SELECTOR = YES;
				GCC_WARN_UNINITIALIZED_AUTOS = YES_AGGRESSIVE;
				GCC_WARN_UNUSED_FUNCTION = YES;
				GCC_WARN_UNUSED_VARIABLE = YES;
				IPHONEOS_DEPLOYMENT_TARGET = 8.2;
				MTL_ENABLE_DEBUG_INFO = NO;
				SDKROOT = iphoneos;
				VALIDATE_PRODUCT = YES;
			};
			name = Release;
		};
		32BD07B61BE45D1C0013E3D6 /* Debug */ = {
			isa = XCBuildConfiguration;
			buildSettings = {
				ASSETCATALOG_COMPILER_APPICON_NAME = AppIcon;
				INFOPLIST_FILE = "时光网/Info.plist";
				LD_RUNPATH_SEARCH_PATHS = "$(inherited) @executable_path/Frameworks";
				PRODUCT_NAME = "$(TARGET_NAME)";
			};
			name = Debug;
		};
		32BD07B71BE45D1C0013E3D6 /* Release */ = {
			isa = XCBuildConfiguration;
			buildSettings = {
				ASSETCATALOG_COMPILER_APPICON_NAME = AppIcon;
				INFOPLIST_FILE = "时光网/Info.plist";
				LD_RUNPATH_SEARCH_PATHS = "$(inherited) @executable_path/Frameworks";
				PRODUCT_NAME = "$(TARGET_NAME)";
			};
			name = Release;
		};
		32BD07B91BE45D1C0013E3D6 /* Debug */ = {
			isa = XCBuildConfiguration;
			buildSettings = {
				BUNDLE_LOADER = "$(TEST_HOST)";
				FRAMEWORK_SEARCH_PATHS = (
					"$(SDKROOT)/Developer/Library/Frameworks",
					"$(inherited)",
				);
				GCC_PREPROCESSOR_DEFINITIONS = (
					"DEBUG=1",
					"$(inherited)",
				);
				INFOPLIST_FILE = "时光网Tests/Info.plist";
				LD_RUNPATH_SEARCH_PATHS = "$(inherited) @executable_path/Frameworks @loader_path/Frameworks";
				PRODUCT_NAME = "$(TARGET_NAME)";
				TEST_HOST = "$(BUILT_PRODUCTS_DIR)/时光网.app/时光网";
			};
			name = Debug;
		};
		32BD07BA1BE45D1C0013E3D6 /* Release */ = {
			isa = XCBuildConfiguration;
			buildSettings = {
				BUNDLE_LOADER = "$(TEST_HOST)";
				FRAMEWORK_SEARCH_PATHS = (
					"$(SDKROOT)/Developer/Library/Frameworks",
					"$(inherited)",
				);
				INFOPLIST_FILE = "时光网Tests/Info.plist";
				LD_RUNPATH_SEARCH_PATHS = "$(inherited) @executable_path/Frameworks @loader_path/Frameworks";
				PRODUCT_NAME = "$(TARGET_NAME)";
				TEST_HOST = "$(BUILT_PRODUCTS_DIR)/时光网.app/时光网";
			};
			name = Release;
		};
/* End XCBuildConfiguration section */

/* Begin XCConfigurationList section */
		32BD078D1BE45D1C0013E3D6 /* Build configuration list for PBXProject "时光网" */ = {
			isa = XCConfigurationList;
			buildConfigurations = (
				32BD07B31BE45D1C0013E3D6 /* Debug */,
				32BD07B41BE45D1C0013E3D6 /* Release */,
			);
			defaultConfigurationIsVisible = 0;
			defaultConfigurationName = Release;
		};
		32BD07B51BE45D1C0013E3D6 /* Build configuration list for PBXNativeTarget "时光网" */ = {
			isa = XCConfigurationList;
			buildConfigurations = (
				32BD07B61BE45D1C0013E3D6 /* Debug */,
				32BD07B71BE45D1C0013E3D6 /* Release */,
			);
			defaultConfigurationIsVisible = 0;
		};
		32BD07B81BE45D1C0013E3D6 /* Build configuration list for PBXNativeTarget "时光网Tests" */ = {
			isa = XCConfigurationList;
			buildConfigurations = (
				32BD07B91BE45D1C0013E3D6 /* Debug */,
				32BD07BA1BE45D1C0013E3D6 /* Release */,
			);
			defaultConfigurationIsVisible = 0;
		};
/* End XCConfigurationList section */
	};
	rootObject = 32BD078A1BE45D1C0013E3D6 /* Project object */;
}
